
Microsoft Visual Studio Solution File, Format Version 12.00
# Visual Studio Version 17
VisualStudioVersion = 17.2.32519.379
MinimumVisualStudioVersion = 10.0.40219.1
Project("{FAE04EC0-301F-11D3-BF4B-00C04F79EFBC}") = "GC", "GC\GC.csproj", "{E5481102-B952-43CF-8745-09B1F57CF32A}"
EndProject
Project("{2150E333-8FDC-42A3-9474-1A3956D46DE8}") = "Solution Items", "Solution Items", "{000CF3F3-687F-4BC9-A4DF-D447FAF3232D}"
EndProject
Global
	GlobalSection(SolutionConfigurationPlatforms) = preSolution
		Debug|Any CPU = Debug|Any CPU
		Release|Any CPU = Release|Any CPU
	EndGlobalSection
	GlobalSection(ProjectConfigurationPlatforms) = postSolution
		{E5481102-B952-43CF-8745-09B1F57CF32A}.Debug|Any CPU.ActiveCfg = Debug|Any CPU
		{E5481102-B952-43CF-8745-09B1F57CF32A}.Debug|Any CPU.Build.0 = Debug|Any CPU
		{E5481102-B952-43CF-8745-09B1F57CF32A}.Release|Any CPU.ActiveCfg = Release|Any CPU
		{E5481102-B952-43CF-8745-09B1F57CF32A}.Release|Any CPU.Build.0 = Release|Any CPU
	EndGlobalSection
	GlobalSection(SolutionProperties) = preSolution
		HideSolutionNode = FALSE
	EndGlobalSection
	GlobalSection(ExtensibilityGlobals) = postSolution
		SolutionGuid = {6ECD66E2-AF75-4FAF-BBD1-9B8A0CF863C1}
	EndGlobalSection
EndGlobal
